
Microsoft Visual Studio Solution File, Format Version 12.00
# Visual Studio 15
VisualStudioVersion = 15.0.26403.3
MinimumVisualStudioVersion = 10.0.40219.1
Project("{FAE04EC0-301F-11D3-BF4B-00C04F79EFBC}") = "SeeSharpUtilities", "SeeSharpUtilities\SeeSharpUtilities.csproj", "{4BB7134E-ECAD-4D7A-A468-671E15059667}"
EndProject
Project("{FAE04EC0-301F-11D3-BF4B-00C04F79EFBC}") = "Cryptography", "Cryptography\Cryptography.csproj", "{29289F42-C57F-4135-8367-E297027C5FEB}"
EndProject
Global
	GlobalSection(SolutionConfigurationPlatforms) = preSolution
		Debug|Any CPU = Debug|Any CPU
		Release|Any CPU = Release|Any CPU
	EndGlobalSection
	GlobalSection(ProjectConfigurationPlatforms) = postSolution
		{4BB7134E-ECAD-4D7A-A468-671E15059667}.Debug|Any CPU.ActiveCfg = Debug|Any CPU
		{4BB7134E-ECAD-4D7A-A468-671E15059667}.Debug|Any CPU.Build.0 = Debug|Any CPU
		{4BB7134E-ECAD-4D7A-A468-671E15059667}.Release|Any CPU.ActiveCfg = Release|Any CPU
		{4BB7134E-ECAD-4D7A-A468-671E15059667}.Release|Any CPU.Build.0 = Release|Any CPU
		{29289F42-C57F-4135-8367-E297027C5FEB}.Debug|Any CPU.ActiveCfg = Debug|Any CPU
		{29289F42-C57F-4135-8367-E297027C5FEB}.Debug|Any CPU.Build.0 = Debug|Any CPU
		{29289F42-C57F-4135-8367-E297027C5FEB}.Release|Any CPU.ActiveCfg = Release|Any CPU
		{29289F42-C57F-4135-8367-E297027C5FEB}.Release|Any CPU.Build.0 = Release|Any CPU
	EndGlobalSection
	GlobalSection(SolutionProperties) = preSolution
		HideSolutionNode = FALSE
	EndGlobalSection
EndGlobal
